{
  "requires": true,
  "lockfileVersion": 1,
  "dependencies": {
    "double-metaphone": {
      "version": "2.0.1",
      "resolved": "https://registry.npmjs.org/double-metaphone/-/double-metaphone-2.0.1.tgz",
      "integrity": "sha512-oHqGfNo2bG/VTZSGFz98TWpyv3WD+d9TDOxwAY8L+zqwm4sGawNvEynegjPU+4HowE4HnIXSYAq0lst2YJgfzA=="
    },
    "metaphone": {
      "version": "2.0.1",
      "resolved": "https://registry.npmjs.org/metaphone/-/metaphone-2.0.1.tgz",
      "integrity": "sha512-YR9RHhgIjoS77yhz84De0ffUKFGTmF58a+xXFNkbHSK/aBPznGKhjR2p29rYSPs0t885/AKKZCOdUn7N6rpKiA=="
    }
  }
}
